
Microsoft Visual Studio Solution File, Format Version 10.00
# Visual Studio 2008
Project("{FAE04EC0-301F-11D3-BF4B-00C04F79EFBC}") = "xUnitForms", "xUnitForms\xUnitForms.csproj", "{22144A73-E144-496F-8364-D17F55A5FA4B}"
EndProject
Project("{FAE04EC0-301F-11D3-BF4B-00C04F79EFBC}") = "xUnitFormsTests", "xUnitFormsTests\xUnitFormsTests.csproj", "{B81616DD-6118-46E0-9795-563C72D6CECD}"
EndProject
Global
	GlobalSection(SolutionConfigurationPlatforms) = preSolution
		Debug|Any CPU = Debug|Any CPU
		Release|Any CPU = Release|Any CPU
	EndGlobalSection
	GlobalSection(ProjectConfigurationPlatforms) = postSolution
		{22144A73-E144-496F-8364-D17F55A5FA4B}.Debug|Any CPU.ActiveCfg = Debug|Any CPU
		{22144A73-E144-496F-8364-D17F55A5FA4B}.Debug|Any CPU.Build.0 = Debug|Any CPU
		{22144A73-E144-496F-8364-D17F55A5FA4B}.Release|Any CPU.ActiveCfg = Release|Any CPU
		{22144A73-E144-496F-8364-D17F55A5FA4B}.Release|Any CPU.Build.0 = Release|Any CPU
		{B81616DD-6118-46E0-9795-563C72D6CECD}.Debug|Any CPU.ActiveCfg = Debug|Any CPU
		{B81616DD-6118-46E0-9795-563C72D6CECD}.Debug|Any CPU.Build.0 = Debug|Any CPU
		{B81616DD-6118-46E0-9795-563C72D6CECD}.Release|Any CPU.ActiveCfg = Release|Any CPU
		{B81616DD-6118-46E0-9795-563C72D6CECD}.Release|Any CPU.Build.0 = Release|Any CPU
	EndGlobalSection
	GlobalSection(SolutionProperties) = preSolution
		HideSolutionNode = FALSE
	EndGlobalSection
EndGlobal
